
Microsoft Visual Studio Solution File, Format Version 12.00
# Visual Studio Version 17
VisualStudioVersion = 17.5.002.0
MinimumVisualStudioVersion = 10.0.40219.1
Project("{9A19103F-16F7-4668-BE54-9A1E7A4F7556}") = "FantasyService.Api", "FantasyService.Api.csproj", "{7A4F2C32-E5AE-46BE-AC91-F75197D62A36}"
EndProject
Global
	GlobalSection(SolutionConfigurationPlatforms) = preSolution
		Debug|Any CPU = Debug|Any CPU
		Release|Any CPU = Release|Any CPU
	EndGlobalSection
	GlobalSection(ProjectConfigurationPlatforms) = postSolution
		{7A4F2C32-E5AE-46BE-AC91-F75197D62A36}.Debug|Any CPU.ActiveCfg = Debug|Any CPU
		{7A4F2C32-E5AE-46BE-AC91-F75197D62A36}.Debug|Any CPU.Build.0 = Debug|Any CPU
		{7A4F2C32-E5AE-46BE-AC91-F75197D62A36}.Release|Any CPU.ActiveCfg = Release|Any CPU
		{7A4F2C32-E5AE-46BE-AC91-F75197D62A36}.Release|Any CPU.Build.0 = Release|Any CPU
	EndGlobalSection
	GlobalSection(SolutionProperties) = preSolution
		HideSolutionNode = FALSE
	EndGlobalSection
	GlobalSection(ExtensibilityGlobals) = postSolution
		SolutionGuid = {451398D6-325F-493A-BE1E-EAE11D6F82DE}
	EndGlobalSection
EndGlobal
